
Microsoft Visual Studio Solution File, Format Version 12.00
# Visual Studio Version 16
VisualStudioVersion = 16.0.30011.22
MinimumVisualStudioVersion = 10.0.40219.1
Project("{9A19103F-16F7-4668-BE54-9A1E7A4F7556}") = "MeuPrimeiroPeoj", "MeuPrimeiroPeoj\MeuPrimeiroPeoj.csproj", "{23689913-2726-4BD9-B8EF-AE856A51A561}"
EndProject
Project("{9A19103F-16F7-4668-BE54-9A1E7A4F7556}") = "ConsoleApp1", "ConsoleApp1\ConsoleApp1.csproj", "{C7ED0B60-C509-47F7-AD16-38DFD1F801BA}"
EndProject
Project("{9A19103F-16F7-4668-BE54-9A1E7A4F7556}") = "ConsoleApp2", "ConsoleApp2\ConsoleApp2.csproj", "{54FBBE42-028A-40B0-B1AB-9A5467A1D08B}"
EndProject
Project("{9A19103F-16F7-4668-BE54-9A1E7A4F7556}") = "Desafio", "Desafio\Desafio.csproj", "{36AFD952-0A28-400F-AB9C-A627FD89FE37}"
EndProject
Project("{FAE04EC0-301F-11D3-BF4B-00C04F79EFBC}") = "cript", "cript\cript.csproj", "{8ED25733-1497-423B-848D-DDD680AD84CF}"
EndProject
Global
	GlobalSection(SolutionConfigurationPlatforms) = preSolution
		Debug|Any CPU = Debug|Any CPU
		Release|Any CPU = Release|Any CPU
	EndGlobalSection
	GlobalSection(ProjectConfigurationPlatforms) = postSolution
		{23689913-2726-4BD9-B8EF-AE856A51A561}.Debug|Any CPU.ActiveCfg = Debug|Any CPU
		{23689913-2726-4BD9-B8EF-AE856A51A561}.Debug|Any CPU.Build.0 = Debug|Any CPU
		{23689913-2726-4BD9-B8EF-AE856A51A561}.Release|Any CPU.ActiveCfg = Release|Any CPU
		{23689913-2726-4BD9-B8EF-AE856A51A561}.Release|Any CPU.Build.0 = Release|Any CPU
		{C7ED0B60-C509-47F7-AD16-38DFD1F801BA}.Debug|Any CPU.ActiveCfg = Debug|Any CPU
		{C7ED0B60-C509-47F7-AD16-38DFD1F801BA}.Debug|Any CPU.Build.0 = Debug|Any CPU
		{C7ED0B60-C509-47F7-AD16-38DFD1F801BA}.Release|Any CPU.ActiveCfg = Release|Any CPU
		{C7ED0B60-C509-47F7-AD16-38DFD1F801BA}.Release|Any CPU.Build.0 = Release|Any CPU
		{54FBBE42-028A-40B0-B1AB-9A5467A1D08B}.Debug|Any CPU.ActiveCfg = Debug|Any CPU
		{54FBBE42-028A-40B0-B1AB-9A5467A1D08B}.Debug|Any CPU.Build.0 = Debug|Any CPU
		{54FBBE42-028A-40B0-B1AB-9A5467A1D08B}.Release|Any CPU.ActiveCfg = Release|Any CPU
		{54FBBE42-028A-40B0-B1AB-9A5467A1D08B}.Release|Any CPU.Build.0 = Release|Any CPU
		{36AFD952-0A28-400F-AB9C-A627FD89FE37}.Debug|Any CPU.ActiveCfg = Debug|Any CPU
		{36AFD952-0A28-400F-AB9C-A627FD89FE37}.Debug|Any CPU.Build.0 = Debug|Any CPU
		{36AFD952-0A28-400F-AB9C-A627FD89FE37}.Release|Any CPU.ActiveCfg = Release|Any CPU
		{36AFD952-0A28-400F-AB9C-A627FD89FE37}.Release|Any CPU.Build.0 = Release|Any CPU
		{8ED25733-1497-423B-848D-DDD680AD84CF}.Debug|Any CPU.ActiveCfg = Debug|Any CPU
		{8ED25733-1497-423B-848D-DDD680AD84CF}.Debug|Any CPU.Build.0 = Debug|Any CPU
		{8ED25733-1497-423B-848D-DDD680AD84CF}.Release|Any CPU.ActiveCfg = Release|Any CPU
		{8ED25733-1497-423B-848D-DDD680AD84CF}.Release|Any CPU.Build.0 = Release|Any CPU
	EndGlobalSection
	GlobalSection(SolutionProperties) = preSolution
		HideSolutionNode = FALSE
	EndGlobalSection
	GlobalSection(ExtensibilityGlobals) = postSolution
		SolutionGuid = {BB15FC2C-188A-4EFF-960C-B6B052D305CF}
	EndGlobalSection
EndGlobal
